
Microsoft Visual Studio Solution File, Format Version 12.00
# Visual Studio Version 17
VisualStudioVersion = 17.3.32929.385
MinimumVisualStudioVersion = 10.0.40219.1
Project("{FAE04EC0-301F-11D3-BF4B-00C04F79EFBC}") = "SimpleCalculator", "SimpleCalculator\SimpleCalculator.csproj", "{D67A1278-F1A2-4F8E-8610-2DE1C377F810}"
EndProject
Global
	GlobalSection(SolutionConfigurationPlatforms) = preSolution
		Debug|Any CPU = Debug|Any CPU
		Release|Any CPU = Release|Any CPU
	EndGlobalSection
	GlobalSection(ProjectConfigurationPlatforms) = postSolution
		{D67A1278-F1A2-4F8E-8610-2DE1C377F810}.Debug|Any CPU.ActiveCfg = Debug|Any CPU
		{D67A1278-F1A2-4F8E-8610-2DE1C377F810}.Debug|Any CPU.Build.0 = Debug|Any CPU
		{D67A1278-F1A2-4F8E-8610-2DE1C377F810}.Release|Any CPU.ActiveCfg = Release|Any CPU
		{D67A1278-F1A2-4F8E-8610-2DE1C377F810}.Release|Any CPU.Build.0 = Release|Any CPU
	EndGlobalSection
	GlobalSection(SolutionProperties) = preSolution
		HideSolutionNode = FALSE
	EndGlobalSection
	GlobalSection(ExtensibilityGlobals) = postSolution
		SolutionGuid = {2F080856-09DE-4767-ACDE-92978AC38D2D}
	EndGlobalSection
EndGlobal
